<?xml version="1.0" encoding="utf-8"?>
<Project ToolsVersion="4.0" xmlns="http://schemas.microsoft.com/developer/msbuild/2003">
  <ItemGroup>
    <Filter Include="Source Files">
      <UniqueIdentifier>{4FC737F1-C7A5-4376-A066-2A32D752A2FF}</UniqueIdentifier>
      <Extensions>cpp;c;cc;cxx;c++;cppm;ixx;def;odl;idl;hpj;bat;asm;asmx</Extensions>
    </Filter>
    <Filter Include="Header Files">
      <UniqueIdentifier>{93995380-89BD-4b04-88EB-625FBE52EBFB}</UniqueIdentifier>
      <Extensions>h;hh;hpp;hxx;h++;hm;inl;inc;ipp;xsd</Extensions>
    </Filter>
    <Filter Include="Resource Files">
      <UniqueIdentifier>{67DA6AB6-F800-4c08-8B7A-83BB121AAD01}</UniqueIdentifier>
      <Extensions>rc;ico;cur;bmp;dlg;rc2;rct;bin;rgs;gif;jpg;jpeg;jpe;resx;tiff;tif;png;wav;mfcribbon-ms</Extensions>
    </Filter>
    <Filter Include="Resource Files\Shaders">
      <UniqueIdentifier>{f9c3607d-80c3-44e5-ab65-27c14756ed2f}</UniqueIdentifier>
    </Filter>
    <Filter Include="Resource Files\Textures">
      <UniqueIdentifier>{368112a7-0302-4e44-a1ab-8bd659d026fd}</UniqueIdentifier>
    </Filter>
    <Filter Include="Resource Files\Snippet">
      <UniqueIdentifier>{57a0d353-1488-4774-8cb1-ad8de135ecf2}</UniqueIdentifier>
    </Filter>
    <Filter Include="Resource Files\Misc">
      <UniqueIdentifier>{72f516a4-aee8-4876-a81d-274cf975d538}</UniqueIdentifier>
    </Filter>
    <Filter Include="Header Files\Physics">
      <UniqueIdentifier>{4ba3098d-ffab-48ee-9635-80ed3de5cf0e}</UniqueIdentifier>
    </Filter>
    <Filter Include="Header Files\Graphics">
      <UniqueIdentifier>{b30a6a30-c8fe-430d-a38c-0f5363a3558e}</UniqueIdentifier>
    </Filter>
    <Filter Include="Header Files\Entity">
      <UniqueIdentifier>{98cf63d1-e8df-4319-8ec1-bc7a34559924}</UniqueIdentifier>
    </Filter>
    <Filter Include="Source Files\Graphics">
      <UniqueIdentifier>{1c97be6a-5f26-4e24-8538-e69c6405928b}</UniqueIdentifier>
    </Filter>
    <Filter Include="Header Files\Graphics\imgui">
      <UniqueIdentifier>{1d4cbe64-f86f-46f4-af83-d0d01be75023}</UniqueIdentifier>
    </Filter>
    <Filter Include="Source Files\Graphics\imgui">
      <UniqueIdentifier>{e62bfa72-fdeb-49b5-9f72-a38dcab6f44c}</UniqueIdentifier>
    </Filter>
    <Filter Include="Source Files\Physics">
      <UniqueIdentifier>{5a9be743-1288-4793-9bde-643d72276936}</UniqueIdentifier>
    </Filter>
    <Filter Include="Header Files\Windows">
      <UniqueIdentifier>{81245b45-ad61-48fd-903e-a833e43d1d3c}</UniqueIdentifier>
    </Filter>
    <Filter Include="Source Files\Windows">
      <UniqueIdentifier>{57ba408c-6cb8-4f27-b33b-7787de6e571a}</UniqueIdentifier>
    </Filter>
    <Filter Include="Source Files\Entity">
      <UniqueIdentifier>{7b722497-4c7a-41ab-bbc3-5ce28586f4be}</UniqueIdentifier>
    </Filter>
    <Filter Include="Header Files\Audio">
      <UniqueIdentifier>{2692590c-e4cd-45eb-8958-4b7ecffd1d62}</UniqueIdentifier>
    </Filter>
    <Filter Include="Source Files\Audio">
      <UniqueIdentifier>{e411d23a-84a4-41e0-a12a-207f114c46ae}</UniqueIdentifier>
    </Filter>
    <Filter Include="Header Files\Misc">
      <UniqueIdentifier>{2ae1f866-c68d-4a69-982b-9fc6d14f10e8}</UniqueIdentifier>
    </Filter>
    <Filter Include="Source Files\Misc">
      <UniqueIdentifier>{73aaab45-45a5-47e7-8fd0-7b0c745e374d}</UniqueIdentifier>
    </Filter>
    <Filter Include="Header Files\Entity\Abilities">
      <UniqueIdentifier>{07448453-d072-410d-947a-82ec99474620}</UniqueIdentifier>
    </Filter>
    <Filter Include="Source Files\Entity\Abilities">
      <UniqueIdentifier>{dafce16f-caa2-4a83-bc25-c79b7218aab0}</UniqueIdentifier>
    </Filter>
  </ItemGroup>
  <ItemGroup>
    <ClCompile Include="main.cpp">
      <Filter>Source Files</Filter>
    </ClCompile>
    <ClCompile Include="SnippetVehicle4WCreate.cpp">
      <Filter>Resource Files\Snippet</Filter>
    </ClCompile>
    <ClCompile Include="SnippetVehicleCreate.cpp">
      <Filter>Resource Files\Snippet</Filter>
    </ClCompile>
    <ClCompile Include="SnippetVehicleFilterShader.cpp">
      <Filter>Resource Files\Snippet</Filter>
    </ClCompile>
    <ClCompile Include="SnippetVehicleSceneQuery.cpp">
      <Filter>Resource Files\Snippet</Filter>
    </ClCompile>
    <ClCompile Include="SnippetVehicleTireFriction.cpp">
      <Filter>Resource Files\Snippet</Filter>
    </ClCompile>
    <ClCompile Include="stb.cpp">
      <Filter>Resource Files\Misc</Filter>
    </ClCompile>
    <ClCompile Include="glad.c">
      <Filter>Resource Files\Misc</Filter>
    </ClCompile>
    <ClCompile Include="imgui\imgui_draw.cpp">
      <Filter>Source Files\Graphics\imgui</Filter>
    </ClCompile>
    <ClCompile Include="imgui\imgui_impl_glfw.cpp">
      <Filter>Source Files\Graphics\imgui</Filter>
    </ClCompile>
    <ClCompile Include="imgui\imgui_impl_opengl3.cpp">
      <Filter>Source Files\Graphics\imgui</Filter>
    </ClCompile>
    <ClCompile Include="imgui\imgui_tables.cpp">
      <Filter>Source Files\Graphics\imgui</Filter>
    </ClCompile>
    <ClCompile Include="imgui\imgui_widgets.cpp">
      <Filter>Source Files\Graphics\imgui</Filter>
    </ClCompile>
    <ClCompile Include="imgui\imgui.cpp">
      <Filter>Source Files\Graphics\imgui</Filter>
    </ClCompile>
    <ClCompile Include="imgui\imgui_demo.cpp">
      <Filter>Source Files\Graphics\imgui</Filter>
    </ClCompile>
    <ClCompile Include="physXVehicleSettings.cpp">
      <Filter>Source Files\Physics</Filter>
    </ClCompile>
    <ClCompile Include="SnippetVehicleNoDriveCreate.cpp">
      <Filter>Resource Files\Snippet</Filter>
    </ClCompile>
    <ClCompile Include="SnippetVehicleTankCreate.cpp">
      <Filter>Resource Files\Snippet</Filter>
    </ClCompile>
    <ClCompile Include="GraphicsSystem.cpp">
      <Filter>Source Files\Graphics</Filter>
    </ClCompile>
    <ClCompile Include="MainMenu.cpp">
      <Filter>Source Files\Windows</Filter>
    </ClCompile>
    <ClCompile Include="PoliceCar.cpp">
      <Filter>Source Files\Entity</Filter>
    </ClCompile>
    <ClCompile Include="physx_globals.cpp">
      <Filter>Source Files\Physics</Filter>
    </ClCompile>
    <ClCompile Include="DebugPanel.cpp">
      <Filter>Source Files\Windows</Filter>
    </ClCompile>
    <ClCompile Include="Vehicle.cpp">
      <Filter>Source Files\Entity</Filter>
    </ClCompile>
    <ClCompile Include="Player.cpp">
      <Filter>Source Files\Entity</Filter>
    </ClCompile>
    <ClCompile Include="PhysicsSystem.cpp">
      <Filter>Source Files\Physics</Filter>
    </ClCompile>
    <ClCompile Include="Bank.cpp">
      <Filter>Source Files\Entity</Filter>
    </ClCompile>
    <ClCompile Include="Camera.cpp">
      <Filter>Source Files\Entity</Filter>
    </ClCompile>
    <ClCompile Include="AudioSystem.cpp">
      <Filter>Source Files\Audio</Filter>
    </ClCompile>
    <ClCompile Include="constants.cpp">
      <Filter>Source Files\Misc</Filter>
    </ClCompile>
    <ClCompile Include="PauseMenu.cpp">
      <Filter>Source Files\Windows</Filter>
    </ClCompile>
    <ClCompile Include="PowerUp.cpp">
      <Filter>Source Files\Entity\Abilities</Filter>
    </ClCompile>
    <ClCompile Include="Timer.cpp">
      <Filter>Source Files\Misc</Filter>
    </ClCompile>
    <ClCompile Include="SelectItem.cpp">
      <Filter>Source Files\Windows</Filter>
    </ClCompile>
    <ClCompile Include="BoxTrigger.cpp">
      <Filter>Source Files\Entity</Filter>
    </ClCompile>
    <ClCompile Include="Primitive.cpp">
      <Filter>Source Files\Graphics</Filter>
    </ClCompile>
    <ClCompile Include="BoxTrigger.cpp">
      <Filter>Source Files\Entity</Filter>
    </ClCompile>
    <ClCompile Include="Primitive.cpp">
      <Filter>Source Files\Graphics</Filter>
    </ClCompile>
    <ClCompile Include="Upgrade.cpp">
      <Filter>Source Files\Entity</Filter>
    </ClCompile>
    <ClCompile Include="Garage.cpp">
      <Filter>Source Files\Entity</Filter>
    </ClCompile>
  </ItemGroup>
  <ItemGroup>
    <ClInclude Include="Player.h">
      <Filter>Header Files\Entity</Filter>
    </ClInclude>
    <ClInclude Include="physXVehicleFunctions.h">
      <Filter>Header Files\Physics</Filter>
    </ClInclude>
    <ClInclude Include="shader.h">
      <Filter>Header Files\Graphics</Filter>
    </ClInclude>
    <ClInclude Include="Mesh.h">
      <Filter>Header Files\Graphics</Filter>
    </ClInclude>
    <ClInclude Include="Model.h">
      <Filter>Header Files\Graphics</Filter>
    </ClInclude>
    <ClInclude Include="Camera.h">
      <Filter>Header Files\Entity</Filter>
    </ClInclude>
    <ClInclude Include="imgui\imgui_impl_opengl3_loader.h">
      <Filter>Header Files\Graphics\imgui</Filter>
    </ClInclude>
    <ClInclude Include="imgui\imgui_internal.h">
      <Filter>Header Files\Graphics\imgui</Filter>
    </ClInclude>
    <ClInclude Include="imgui\imstb_rectpack.h">
      <Filter>Header Files\Graphics\imgui</Filter>
    </ClInclude>
    <ClInclude Include="imgui\imstb_textedit.h">
      <Filter>Header Files\Graphics\imgui</Filter>
    </ClInclude>
    <ClInclude Include="imgui\imstb_truetype.h">
      <Filter>Header Files\Graphics\imgui</Filter>
    </ClInclude>
    <ClInclude Include="imgui\imconfig.h">
      <Filter>Header Files\Graphics\imgui</Filter>
    </ClInclude>
    <ClInclude Include="imgui\imgui.h">
      <Filter>Header Files\Graphics\imgui</Filter>
    </ClInclude>
    <ClInclude Include="imgui\imgui_impl_glfw.h">
      <Filter>Header Files\Graphics\imgui</Filter>
    </ClInclude>
    <ClInclude Include="imgui\imgui_impl_opengl3.h">
      <Filter>Header Files\Graphics\imgui</Filter>
    </ClInclude>
    <ClInclude Include="Vehicle.h">
      <Filter>Header Files\Entity</Filter>
    </ClInclude>
    <ClInclude Include="physXVehicleSettings.h">
      <Filter>Header Files\Physics</Filter>
    </ClInclude>
    <ClInclude Include="Bank.h">
      <Filter>Header Files\Entity</Filter>
    </ClInclude>
    <ClInclude Include="Skybox.h">
      <Filter>Header Files\Entity</Filter>
    </ClInclude>
    <ClInclude Include="GraphicsSystem.h">
      <Filter>Header Files\Graphics</Filter>
    </ClInclude>
    <ClInclude Include="DebugPanel.h">
      <Filter>Header Files\Windows</Filter>
    </ClInclude>
    <ClInclude Include="MainMenu.h">
      <Filter>Header Files\Windows</Filter>
    </ClInclude>
    <ClInclude Include="PoliceCar.h">
      <Filter>Header Files\Entity</Filter>
    </ClInclude>
    <ClInclude Include="physx_globals.h">
      <Filter>Header Files\Physics</Filter>
    </ClInclude>
    <ClInclude Include="UI.h">
      <Filter>Header Files\Windows</Filter>
    </ClInclude>
    <ClInclude Include="PhysicsSystem.h">
      <Filter>Header Files\Physics</Filter>
    </ClInclude>
    <ClInclude Include="PxCustomEventCallback.h">
      <Filter>Header Files\Physics</Filter>
    </ClInclude>
    <ClInclude Include="AudioSystem.h">
      <Filter>Header Files\Audio</Filter>
    </ClInclude>
    <ClInclude Include="constants.h">
      <Filter>Header Files\Misc</Filter>
    </ClInclude>
    <ClInclude Include="init.h">
      <Filter>Header Files\Misc</Filter>
    </ClInclude>
    <ClInclude Include="miscFunctions.h">
      <Filter>Header Files\Misc</Filter>
    </ClInclude>
    <ClInclude Include="State.h">
      <Filter>Header Files\Misc</Filter>
    </ClInclude>
    <ClInclude Include="util.h">
      <Filter>Header Files\Misc</Filter>
    </ClInclude>
    <ClInclude Include="PauseMenu.h">
      <Filter>Header Files\Windows</Filter>
    </ClInclude>
    <ClInclude Include="PowerUp.h">
      <Filter>Header Files\Entity\Abilities</Filter>
    </ClInclude>
    <ClInclude Include="Timer.h">
      <Filter>Header Files\Misc</Filter>
    </ClInclude>
    <ClInclude Include="SelectItem.h">
      <Filter>Header Files\Windows</Filter>
    </ClInclude>
    <ClInclude Include="BoxTrigger.h">
      <Filter>Header Files\Entity</Filter>
    </ClInclude>
    <ClInclude Include="Primitive.h">
      <Filter>Header Files\Graphics</Filter>
    </ClInclude>
    <ClInclude Include="Building.h">
      <Filter>Header Files\Entity</Filter>
    </ClInclude>
    <ClInclude Include="Upgrade.h">
      <Filter>Header Files\Entity</Filter>
    </ClInclude>
    <ClInclude Include="Garage.h">
      <Filter>Header Files\Entity</Filter>
    </ClInclude>
  </ItemGroup>
  <ItemGroup>
    <None Include="shader3D.fs">
      <Filter>Resource Files\Shaders</Filter>
    </None>
    <None Include="shader3D.vs">
      <Filter>Resource Files\Shaders</Filter>
    </None>
    <None Include="shader2D.fs">
      <Filter>Resource Files\Shaders</Filter>
    </None>
    <None Include="shader2D.vs">
      <Filter>Resource Files\Shaders</Filter>
    </None>
    <None Include="skybox.vs">
      <Filter>Resource Files\Shaders</Filter>
    </None>
    <None Include="skybox.fs">
      <Filter>Resource Files\Shaders</Filter>
    </None>
  </ItemGroup>
</Project>